
Microsoft Visual Studio Solution File, Format Version 12.00
# Visual Studio Version 16
VisualStudioVersion = 16.0.33027.164
MinimumVisualStudioVersion = 10.0.40219.1
Project("{2150E333-8FDC-42A3-9474-1A3956D46DE8}") = "01-Presentation", "01-Presentation", "{553E3881-8B71-4058-9F41-AD643A02B5DF}"
EndProject
Project("{2150E333-8FDC-42A3-9474-1A3956D46DE8}") = "02-Business Logic", "02-Business Logic", "{75B6E22C-678A-402F-9C41-49DE178E9805}"
EndProject
Project("{2150E333-8FDC-42A3-9474-1A3956D46DE8}") = "04-Entities", "04-Entities", "{FEBB389E-0242-4815-8E26-D2CE38C3C28A}"
EndProject
Project("{FAE04EC0-301F-11D3-BF4B-00C04F79EFBC}") = "WebApiEjercicio", "WebApiEjercicio\WebApiEjercicio.csproj", "{8250E6FE-4D82-429E-95F4-DA04697DA0AD}"
EndProject
Project("{2150E333-8FDC-42A3-9474-1A3956D46DE8}") = "03-Data Access Layer", "03-Data Access Layer", "{E242C176-31D2-4F93-B547-22939DAD5893}"
EndProject
Project("{FAE04EC0-301F-11D3-BF4B-00C04F79EFBC}") = "BC-BussinesLogic", "Bussines Logic\BC-BussinesLogic.csproj", "{3026010A-AD20-45EF-A24D-D66CA7C0A517}"
EndProject
Project("{FAE04EC0-301F-11D3-BF4B-00C04F79EFBC}") = "BC-Entities", "BC-Entities\BC-Entities.csproj", "{F71472C6-426A-48A3-A864-7B8E3EB90398}"
EndProject
Project("{FAE04EC0-301F-11D3-BF4B-00C04F79EFBC}") = "BC-DataAcessLayer", "BC-DataAcessLayer\BC-DataAcessLayer.csproj", "{05F1A0D3-E84C-4691-A16D-F8C83D36D98B}"
EndProject
Project("{2150E333-8FDC-42A3-9474-1A3956D46DE8}") = "Interfaces", "Interfaces", "{63433FCB-7EBF-4CDA-BB4A-5DB21F77529B}"
EndProject
Project("{FAE04EC0-301F-11D3-BF4B-00C04F79EFBC}") = "B-Interfaces", "B-Interfacese\B-Interfaces.csproj", "{8C91A57E-BB6F-4ABF-AF65-6EE5CCD27F8B}"
EndProject
Project("{2150E333-8FDC-42A3-9474-1A3956D46DE8}") = "Services", "Services", "{D16CD96A-AF06-4811-913A-DD17A710033F}"
EndProject
Project("{FAE04EC0-301F-11D3-BF4B-00C04F79EFBC}") = "B-Services", "B-Services\B-Services.csproj", "{8FDD7E1C-C005-439C-B0B5-1CD9A6F83EBC}"
EndProject
Project("{2150E333-8FDC-42A3-9474-1A3956D46DE8}") = "Enums", "Enums", "{C5C4EA96-1123-4AB6-A163-207C311B56D4}"
EndProject
Project("{FAE04EC0-301F-11D3-BF4B-00C04F79EFBC}") = "Enums", "Enums\Enums.csproj", "{0F9B10DA-D6C3-4AA0-819B-C43E7D2BB0A8}"
EndProject
Project("{FAE04EC0-301F-11D3-BF4B-00C04F79EFBC}") = "DTOs", "DTOs\DTOs.csproj", "{66DD59B5-6AE6-4269-92AD-519CABCAB41D}"
EndProject
Global
	GlobalSection(SolutionConfigurationPlatforms) = preSolution
		Debug|Any CPU = Debug|Any CPU
		Release|Any CPU = Release|Any CPU
	EndGlobalSection
	GlobalSection(ProjectConfigurationPlatforms) = postSolution
		{8250E6FE-4D82-429E-95F4-DA04697DA0AD}.Debug|Any CPU.ActiveCfg = Debug|Any CPU
		{8250E6FE-4D82-429E-95F4-DA04697DA0AD}.Debug|Any CPU.Build.0 = Debug|Any CPU
		{8250E6FE-4D82-429E-95F4-DA04697DA0AD}.Release|Any CPU.ActiveCfg = Release|Any CPU
		{8250E6FE-4D82-429E-95F4-DA04697DA0AD}.Release|Any CPU.Build.0 = Release|Any CPU
		{3026010A-AD20-45EF-A24D-D66CA7C0A517}.Debug|Any CPU.ActiveCfg = Debug|Any CPU
		{3026010A-AD20-45EF-A24D-D66CA7C0A517}.Debug|Any CPU.Build.0 = Debug|Any CPU
		{3026010A-AD20-45EF-A24D-D66CA7C0A517}.Release|Any CPU.ActiveCfg = Release|Any CPU
		{3026010A-AD20-45EF-A24D-D66CA7C0A517}.Release|Any CPU.Build.0 = Release|Any CPU
		{F71472C6-426A-48A3-A864-7B8E3EB90398}.Debug|Any CPU.ActiveCfg = Debug|Any CPU
		{F71472C6-426A-48A3-A864-7B8E3EB90398}.Debug|Any CPU.Build.0 = Debug|Any CPU
		{F71472C6-426A-48A3-A864-7B8E3EB90398}.Release|Any CPU.ActiveCfg = Release|Any CPU
		{F71472C6-426A-48A3-A864-7B8E3EB90398}.Release|Any CPU.Build.0 = Release|Any CPU
		{05F1A0D3-E84C-4691-A16D-F8C83D36D98B}.Debug|Any CPU.ActiveCfg = Debug|Any CPU
		{05F1A0D3-E84C-4691-A16D-F8C83D36D98B}.Debug|Any CPU.Build.0 = Debug|Any CPU
		{05F1A0D3-E84C-4691-A16D-F8C83D36D98B}.Release|Any CPU.ActiveCfg = Release|Any CPU
		{05F1A0D3-E84C-4691-A16D-F8C83D36D98B}.Release|Any CPU.Build.0 = Release|Any CPU
		{8C91A57E-BB6F-4ABF-AF65-6EE5CCD27F8B}.Debug|Any CPU.ActiveCfg = Debug|Any CPU
		{8C91A57E-BB6F-4ABF-AF65-6EE5CCD27F8B}.Debug|Any CPU.Build.0 = Debug|Any CPU
		{8C91A57E-BB6F-4ABF-AF65-6EE5CCD27F8B}.Release|Any CPU.ActiveCfg = Release|Any CPU
		{8C91A57E-BB6F-4ABF-AF65-6EE5CCD27F8B}.Release|Any CPU.Build.0 = Release|Any CPU
		{8FDD7E1C-C005-439C-B0B5-1CD9A6F83EBC}.Debug|Any CPU.ActiveCfg = Debug|Any CPU
		{8FDD7E1C-C005-439C-B0B5-1CD9A6F83EBC}.Debug|Any CPU.Build.0 = Debug|Any CPU
		{8FDD7E1C-C005-439C-B0B5-1CD9A6F83EBC}.Release|Any CPU.ActiveCfg = Release|Any CPU
		{8FDD7E1C-C005-439C-B0B5-1CD9A6F83EBC}.Release|Any CPU.Build.0 = Release|Any CPU
		{0F9B10DA-D6C3-4AA0-819B-C43E7D2BB0A8}.Debug|Any CPU.ActiveCfg = Debug|Any CPU
		{0F9B10DA-D6C3-4AA0-819B-C43E7D2BB0A8}.Debug|Any CPU.Build.0 = Debug|Any CPU
		{0F9B10DA-D6C3-4AA0-819B-C43E7D2BB0A8}.Release|Any CPU.ActiveCfg = Release|Any CPU
		{0F9B10DA-D6C3-4AA0-819B-C43E7D2BB0A8}.Release|Any CPU.Build.0 = Release|Any CPU
		{66DD59B5-6AE6-4269-92AD-519CABCAB41D}.Debug|Any CPU.ActiveCfg = Debug|Any CPU
		{66DD59B5-6AE6-4269-92AD-519CABCAB41D}.Debug|Any CPU.Build.0 = Debug|Any CPU
		{66DD59B5-6AE6-4269-92AD-519CABCAB41D}.Release|Any CPU.ActiveCfg = Release|Any CPU
		{66DD59B5-6AE6-4269-92AD-519CABCAB41D}.Release|Any CPU.Build.0 = Release|Any CPU
	EndGlobalSection
	GlobalSection(SolutionProperties) = preSolution
		HideSolutionNode = FALSE
	EndGlobalSection
	GlobalSection(NestedProjects) = preSolution
		{8250E6FE-4D82-429E-95F4-DA04697DA0AD} = {553E3881-8B71-4058-9F41-AD643A02B5DF}
		{3026010A-AD20-45EF-A24D-D66CA7C0A517} = {75B6E22C-678A-402F-9C41-49DE178E9805}
		{F71472C6-426A-48A3-A864-7B8E3EB90398} = {FEBB389E-0242-4815-8E26-D2CE38C3C28A}
		{05F1A0D3-E84C-4691-A16D-F8C83D36D98B} = {E242C176-31D2-4F93-B547-22939DAD5893}
		{63433FCB-7EBF-4CDA-BB4A-5DB21F77529B} = {75B6E22C-678A-402F-9C41-49DE178E9805}
		{8C91A57E-BB6F-4ABF-AF65-6EE5CCD27F8B} = {63433FCB-7EBF-4CDA-BB4A-5DB21F77529B}
		{D16CD96A-AF06-4811-913A-DD17A710033F} = {75B6E22C-678A-402F-9C41-49DE178E9805}
		{8FDD7E1C-C005-439C-B0B5-1CD9A6F83EBC} = {D16CD96A-AF06-4811-913A-DD17A710033F}
		{C5C4EA96-1123-4AB6-A163-207C311B56D4} = {75B6E22C-678A-402F-9C41-49DE178E9805}
		{0F9B10DA-D6C3-4AA0-819B-C43E7D2BB0A8} = {C5C4EA96-1123-4AB6-A163-207C311B56D4}
		{66DD59B5-6AE6-4269-92AD-519CABCAB41D} = {FEBB389E-0242-4815-8E26-D2CE38C3C28A}
	EndGlobalSection
	GlobalSection(ExtensibilityGlobals) = postSolution
		SolutionGuid = {16B30F0E-C181-47E9-AA2C-8709708B10F1}
	EndGlobalSection
EndGlobal
